
Microsoft Visual Studio Solution File, Format Version 12.00
# Visual Studio Version 16
VisualStudioVersion = 16.0.30517.126
MinimumVisualStudioVersion = 10.0.40219.1
Project("{FAE04EC0-301F-11D3-BF4B-00C04F79EFBC}") = "DaemonKit", "DaemonKit.csproj", "{323BCA03-F31C-41B0-B774-7858AC470012}"
EndProject
Global
	GlobalSection(SolutionConfigurationPlatforms) = preSolution
		Debug|Any CPU = Debug|Any CPU
		Release|Any CPU = Release|Any CPU
	EndGlobalSection
	GlobalSection(ProjectConfigurationPlatforms) = postSolution
		{323BCA03-F31C-41B0-B774-7858AC470012}.Debug|Any CPU.ActiveCfg = Debug|Any CPU
		{323BCA03-F31C-41B0-B774-7858AC470012}.Debug|Any CPU.Build.0 = Debug|Any CPU
		{323BCA03-F31C-41B0-B774-7858AC470012}.Release|Any CPU.ActiveCfg = Release|Any CPU
		{323BCA03-F31C-41B0-B774-7858AC470012}.Release|Any CPU.Build.0 = Release|Any CPU
	EndGlobalSection
	GlobalSection(SolutionProperties) = preSolution
		HideSolutionNode = FALSE
	EndGlobalSection
	GlobalSection(ExtensibilityGlobals) = postSolution
		SolutionGuid = {78913713-9CE5-4C04-AD92-B9E72FA30B5F}
	EndGlobalSection
EndGlobal
